
Microsoft Visual Studio Solution File, Format Version 12.00
# Visual Studio Version 16
VisualStudioVersion = 16.0.31112.23
MinimumVisualStudioVersion = 10.0.40219.1
Project("{FAE04EC0-301F-11D3-BF4B-00C04F79EFBC}") = "backendDefault", "backendDefault\backendDefault.csproj", "{D5FB2CA8-5935-4741-A459-A6280F3698B9}"
EndProject
Project("{FAE04EC0-301F-11D3-BF4B-00C04F79EFBC}") = "backendDefault.Infra", "backendDefault.Infra\backendDefault.Infra.csproj", "{4D58ED51-4A37-4A1E-9B84-BC04BE79637E}"
EndProject
Project("{FAE04EC0-301F-11D3-BF4B-00C04F79EFBC}") = "backendDefault.Aplication", "backendDefault.Aplication\backendDefault.Aplication.csproj", "{7AA15D26-2992-477E-B553-42034D2F6181}"
EndProject
Project("{FAE04EC0-301F-11D3-BF4B-00C04F79EFBC}") = "backendDefault.Domain", "backendDefault.Domain\backendDefault.Domain.csproj", "{FD2BD4B6-DCD0-423D-BA43-E4D10FF1721D}"
EndProject
Global
	GlobalSection(SolutionConfigurationPlatforms) = preSolution
		Debug|Any CPU = Debug|Any CPU
		Release|Any CPU = Release|Any CPU
	EndGlobalSection
	GlobalSection(ProjectConfigurationPlatforms) = postSolution
		{D5FB2CA8-5935-4741-A459-A6280F3698B9}.Debug|Any CPU.ActiveCfg = Debug|Any CPU
		{D5FB2CA8-5935-4741-A459-A6280F3698B9}.Debug|Any CPU.Build.0 = Debug|Any CPU
		{D5FB2CA8-5935-4741-A459-A6280F3698B9}.Release|Any CPU.ActiveCfg = Release|Any CPU
		{D5FB2CA8-5935-4741-A459-A6280F3698B9}.Release|Any CPU.Build.0 = Release|Any CPU
		{4D58ED51-4A37-4A1E-9B84-BC04BE79637E}.Debug|Any CPU.ActiveCfg = Debug|Any CPU
		{4D58ED51-4A37-4A1E-9B84-BC04BE79637E}.Debug|Any CPU.Build.0 = Debug|Any CPU
		{4D58ED51-4A37-4A1E-9B84-BC04BE79637E}.Release|Any CPU.ActiveCfg = Release|Any CPU
		{4D58ED51-4A37-4A1E-9B84-BC04BE79637E}.Release|Any CPU.Build.0 = Release|Any CPU
		{7AA15D26-2992-477E-B553-42034D2F6181}.Debug|Any CPU.ActiveCfg = Debug|Any CPU
		{7AA15D26-2992-477E-B553-42034D2F6181}.Debug|Any CPU.Build.0 = Debug|Any CPU
		{7AA15D26-2992-477E-B553-42034D2F6181}.Release|Any CPU.ActiveCfg = Release|Any CPU
		{7AA15D26-2992-477E-B553-42034D2F6181}.Release|Any CPU.Build.0 = Release|Any CPU
		{FD2BD4B6-DCD0-423D-BA43-E4D10FF1721D}.Debug|Any CPU.ActiveCfg = Debug|Any CPU
		{FD2BD4B6-DCD0-423D-BA43-E4D10FF1721D}.Debug|Any CPU.Build.0 = Debug|Any CPU
		{FD2BD4B6-DCD0-423D-BA43-E4D10FF1721D}.Release|Any CPU.ActiveCfg = Release|Any CPU
		{FD2BD4B6-DCD0-423D-BA43-E4D10FF1721D}.Release|Any CPU.Build.0 = Release|Any CPU
	EndGlobalSection
	GlobalSection(SolutionProperties) = preSolution
		HideSolutionNode = FALSE
	EndGlobalSection
	GlobalSection(ExtensibilityGlobals) = postSolution
		SolutionGuid = {86E86593-7321-4849-AFD0-33429884FA50}
	EndGlobalSection
EndGlobal
